
Microsoft Visual Studio Solution File, Format Version 12.00
# Visual Studio Version 16
VisualStudioVersion = 16.0.29201.188
MinimumVisualStudioVersion = 10.0.40219.1
Project("{FAE04EC0-301F-11D3-BF4B-00C04F79EFBC}") = "TestApplication", "TestApplication.csproj", "{52E7A762-2A86-47A6-B8CC-DC298D713199}"
EndProject
Global
	GlobalSection(SolutionConfigurationPlatforms) = preSolution
		Debug|Any CPU = Debug|Any CPU
		Release|Any CPU = Release|Any CPU
	EndGlobalSection
	GlobalSection(ProjectConfigurationPlatforms) = postSolution
		{52E7A762-2A86-47A6-B8CC-DC298D713199}.Debug|Any CPU.ActiveCfg = Debug|Any CPU
		{52E7A762-2A86-47A6-B8CC-DC298D713199}.Debug|Any CPU.Build.0 = Debug|Any CPU
		{52E7A762-2A86-47A6-B8CC-DC298D713199}.Release|Any CPU.ActiveCfg = Release|Any CPU
		{52E7A762-2A86-47A6-B8CC-DC298D713199}.Release|Any CPU.Build.0 = Release|Any CPU
	EndGlobalSection
	GlobalSection(SolutionProperties) = preSolution
		HideSolutionNode = FALSE
	EndGlobalSection
	GlobalSection(ExtensibilityGlobals) = postSolution
		SolutionGuid = {BB31B6EE-0108-4490-BA3F-DD29BD12680D}
	EndGlobalSection
EndGlobal
